
Microsoft Visual Studio Solution File, Format Version 12.00
# Visual Studio Version 17
VisualStudioVersion = 17.12.35527.113 d17.12
MinimumVisualStudioVersion = 10.0.40219.1
Project("{FAE04EC0-301F-11D3-BF4B-00C04F79EFBC}") = "Common", "Common\Common.csproj", "{4840C1E3-DE1A-471B-BE76-3CDF71794FDC}"
EndProject
Project("{FAE04EC0-301F-11D3-BF4B-00C04F79EFBC}") = "DEtails", "DEtails\DEtails.csproj", "{DE9BA77D-2DB7-4A9B-B9A7-EF136D214C54}"
EndProject
Global
	GlobalSection(SolutionConfigurationPlatforms) = preSolution
		Debug|Any CPU = Debug|Any CPU
		Release|Any CPU = Release|Any CPU
	EndGlobalSection
	GlobalSection(ProjectConfigurationPlatforms) = postSolution
		{4840C1E3-DE1A-471B-BE76-3CDF71794FDC}.Debug|Any CPU.ActiveCfg = Debug|Any CPU
		{4840C1E3-DE1A-471B-BE76-3CDF71794FDC}.Debug|Any CPU.Build.0 = Debug|Any CPU
		{4840C1E3-DE1A-471B-BE76-3CDF71794FDC}.Release|Any CPU.ActiveCfg = Release|Any CPU
		{4840C1E3-DE1A-471B-BE76-3CDF71794FDC}.Release|Any CPU.Build.0 = Release|Any CPU
		{DE9BA77D-2DB7-4A9B-B9A7-EF136D214C54}.Debug|Any CPU.ActiveCfg = Debug|Any CPU
		{DE9BA77D-2DB7-4A9B-B9A7-EF136D214C54}.Debug|Any CPU.Build.0 = Debug|Any CPU
		{DE9BA77D-2DB7-4A9B-B9A7-EF136D214C54}.Release|Any CPU.ActiveCfg = Release|Any CPU
		{DE9BA77D-2DB7-4A9B-B9A7-EF136D214C54}.Release|Any CPU.Build.0 = Release|Any CPU
	EndGlobalSection
	GlobalSection(SolutionProperties) = preSolution
		HideSolutionNode = FALSE
	EndGlobalSection
EndGlobal
